{
  "nodes": {
    "agenix": {
      "inputs": {
        "darwin": "darwin",
        "home-manager": "home-manager",
        "nixpkgs": [
          "nixpkgs"
        ]
      },
      "locked": {
        "lastModified": 1790445006,
        "narHash": "sha256-dLq4qfJvm2ZfkwGGdgWl/nsA2aavpQMrPQbNqbkLXKE=",
        "owner": "ryantm",
        "repo": "agenix",
        "rev": "07a33319a408a0c770f0fe5d0d98f5e7b4e5a5e7",
        "type": "github"
      },
      "original": {
        "owner": "ryantm",
        "repo": "agenix",
        "type": "github"
      }
    },
    "darwin": {
      "inputs": {
        "nixpkgs": [
          "agenix",
          "nixpkgs"
        ]
      },
      "locked": {
        "lastModified": 1783744694,
        "narHash": "sha256-2cp6N3rrwnGYLTx9l6N+NI+kwrCWxvJUbj5WJhvB29A=",
        "owner": "nix-darwin",
        "repo": "nix-darwin",
        "rev": "c3e90c89649b07d1a96e4b9dd6cd0d6e44b91a74",
        "type": "github"
      },
      "original": {
        "owner": "nix-darwin",
        "ref": "nix-darwin-26.05",
        "repo": "nix-darwin",
        "type": "github"
      }
    },
    "disko": {
      "inputs": {
        "nixpkgs": [
          "nixpkgs"
        ]
      },
      "locked": {
        "lastModified": 1789770686,
        "narHash": "sha256-uZkBR7yHdIKUFB5SZdfgh1qkGfI3XmYmI/lTiquxbck=",
        "owner": "nix-community",
        "repo": "disko",
        "rev": "725ea35e410ad83be4931d1bff7e090eacaf3563",
        "type": "github"
      },
      "original": {
        "owner": "nix-community",
        "repo": "disko",
        "type": "github"
      }
    },
    "flake-compat": {
      "flake": false,
      "locked": {
        "lastModified": 1767039857,
        "narHash": "sha256-vNpUSpF5Nuw8xvDLj2KCwwksIbjua2LZCqhV1LNRDns=",
        "owner": "edolstra",
        "repo": "flake-compat",
        "rev": "5edf11c44bc78a0d334f6334cdaf7d60d732daab",
        "type": "github"
      },
      "original": {
        "owner": "edolstra",
        "repo": "flake-compat",
        "type": "github"
      }
    },
    "flake-compat_2": {
      "locked": {
        "lastModified": 1767039857,
        "narHash": "sha256-vNpUSpF5Nuw8xvDLj2KCwwksIbjua2LZCqhV1LNRDns=",
        "owner": "NixOS",
        "repo": "flake-compat",
        "rev": "5edf11c44bc78a0d334f6334cdaf7d60d732daab",
        "type": "github"
      },
      "original": {
        "owner": "NixOS",
        "repo": "flake-compat",
        "type": "github"
      }
    },
    "home-manager": {
      "inputs": {
        "nixpkgs": [
          "agenix",
          "nixpkgs"
        ]
      },
      "locked": {
        "lastModified": 1790215976,
        "narHash": "sha256-VkR1rMGyjU9jtw8ISFx5uqR9e+LEaOlhHwrseFkiIVk=",
        "owner": "nix-community",
        "repo": "home-manager",
        "rev": "a6631107a83ceab5872f298a2ea710859c80c4cb",
        "type": "github"
      },
      "original": {
        "owner": "nix-community",
        "ref": "release-26.05",
        "repo": "home-manager",
        "type": "github"
      }
    },
    "home-manager_2": {
      "inputs": {
        "nixpkgs": [
          "nixpkgs"
        ]
      },
      "locked": {
        "lastModified": 1790215976,
        "narHash": "sha256-VkR1rMGyjU9jtw8ISFx5uqR9e+LEaOlhHwrseFkiIVk=",
        "owner": "nix-community",
        "repo": "home-manager",
        "rev": "a6631107a83ceab5872f298a2ea710859c80c4cb",
        "type": "github"
      },
      "original": {
        "owner": "nix-community",
        "ref": "release-26.05",
        "repo": "home-manager",
        "type": "github"
      }
    },
    "nixos-wsl": {
      "inputs": {
        "flake-compat": "flake-compat",
        "nixpkgs": [
          "nixpkgs"
        ]
      },
      "locked": {
        "lastModified": 1789164534,
        "narHash": "sha256-DoYGPM6QpnYBLWj9gGw6ZwAzIX+HrAVov1BoT+8Jixo=",
        "owner": "nix-community",
        "repo": "nixos-wsl",
        "rev": "72c92b11bb8289e6651c7fef29cc0a885fd6a255",
        "type": "github"
      },
      "original": {
        "owner": "nix-community",
        "repo": "nixos-wsl",
        "type": "github"
      }
    },
    "nixpkgs": {
      "locked": {
        "lastModified": 1790323409,
        "narHash": "sha256-VVTPf+Hyd5ebpjBMHmrLMSBIeW6ls48Bqtosj7CNKLA=",
        "owner": "NixOS",
        "repo": "nixpkgs",
        "rev": "e94cb152ed51bd6e24eb4a41f1460252beb52cd2",
        "type": "github"
      },
      "original": {
        "owner": "NixOS",
        "ref": "nixos-unstable",
        "repo": "nixpkgs",
        "type": "github"
      }
    },
    "pyproject-nix": {
      "inputs": {
        "nixpkgs": [
          "sphinxcontrib-nixdomain",
          "nixpkgs"
        ]
      },
      "locked": {
        "lastModified": 1788394333,
        "narHash": "sha256-xYOP0Xym1eVGUaHFx+eJEaycFGoiCbst3fZf0xFHP78=",
        "owner": "nix-community",
        "repo": "pyproject.nix",
        "rev": "6a8a7881d75b6f98967e7b8069f4ead331384301",
        "type": "github"
      },
      "original": {
        "owner": "nix-community",
        "repo": "pyproject.nix",
        "type": "github"
      }
    },
    "root": {
      "inputs": {
        "agenix": "agenix",
        "disko": "disko",
        "home-manager": "home-manager_2",
        "nixos-wsl": "nixos-wsl",
        "nixpkgs": "nixpkgs",
        "sphinxcontrib-nixdomain": "sphinxcontrib-nixdomain"
      }
    },
    "sphinxcontrib-nixdomain": {
      "inputs": {
        "flake-compat": "flake-compat_2",
        "nixpkgs": [
          "nixpkgs"
        ],
        "pyproject-nix": "pyproject-nix"
      },
      "locked": {
        "lastModified": 1790286786,
        "narHash": "sha256-LAsjGzDryNQa8pfVHpfvr8TUjXfUm0XD2v2CAOaz8Os=",
        "owner": "minijackson",
        "repo": "sphinxcontrib-nixdomain",
        "rev": "775e6cf113adab392c9ac73ae2220ae2fbaf281f",
        "type": "github"
      },
      "original": {
        "owner": "minijackson",
        "repo": "sphinxcontrib-nixdomain",
        "type": "github"
      }
    }
  },
  "root": "root",
  "version": 7
}
