{
  "nodes": {
    "disko": {
      "inputs": {
        "nixpkgs": [
          "nixpkgs"
        ]
      },
      "locked": {
        "lastModified": 1781152676,
        "narHash": "sha256-RxWs5ND31KzTG7wvMM+PMfUjyNpmIEr999lqNARaM5o=",
        "owner": "nix-community",
        "repo": "disko",
        "rev": "ff8702b4de27f72b4c78573dfb89ec74e36abdf1",
        "type": "github"
      },
      "original": {
        "owner": "nix-community",
        "repo": "disko",
        "type": "github"
      }
    },
    "flake-compat": {
      "flake": false,
      "locked": {
        "lastModified": 1761588595,
        "narHash": "sha256-XKUZz9zewJNUj46b4AJdiRZJAvSZ0Dqj2BNfXvFlJC4=",
        "owner": "edolstra",
        "repo": "flake-compat",
        "rev": "f387cd2afec9419c8ee37694406ca490c3f34ee5",
        "type": "github"
      },
      "original": {
        "owner": "edolstra",
        "repo": "flake-compat",
        "type": "github"
      }
    },
    "flake-compat_2": {
      "locked": {
        "lastModified": 1767039857,
        "narHash": "sha256-vNpUSpF5Nuw8xvDLj2KCwwksIbjua2LZCqhV1LNRDns=",
        "owner": "NixOS",
        "repo": "flake-compat",
        "rev": "5edf11c44bc78a0d334f6334cdaf7d60d732daab",
        "type": "github"
      },
      "original": {
        "owner": "NixOS",
        "repo": "flake-compat",
        "type": "github"
      }
    },
    "flake-utils": {
      "inputs": {
        "systems": "systems"
      },
      "locked": {
        "lastModified": 1731533236,
        "narHash": "sha256-l0KFg5HjrsfsO/JpG+r7fRrqm12kzFHyUHqHCVpMMbI=",
        "owner": "numtide",
        "repo": "flake-utils",
        "rev": "11707dc2f618dd54ca8739b309ec4fc024de578b",
        "type": "github"
      },
      "original": {
        "owner": "numtide",
        "repo": "flake-utils",
        "type": "github"
      }
    },
    "home-manager": {
      "inputs": {
        "nixpkgs": [
          "nixpkgs"
        ]
      },
      "locked": {
        "lastModified": 1787146702,
        "narHash": "sha256-YbRcLdU/yK4gWsQg7V8WTKZHfXL33g8+wSFUX3wyevs=",
        "owner": "nix-community",
        "repo": "home-manager",
        "rev": "173b7e8d40fdc8c296a9c99854314f17a3a1704c",
        "type": "github"
      },
      "original": {
        "owner": "nix-community",
        "ref": "release-26.05",
        "repo": "home-manager",
        "type": "github"
      }
    },
    "nix-openclaw": {
      "inputs": {
        "flake-utils": "flake-utils",
        "home-manager": [
          "home-manager"
        ],
        "nix-openclaw-tools": "nix-openclaw-tools",
        "nixpkgs": [
          "nixpkgs"
        ],
        "qmd": "qmd"
      },
      "locked": {
        "lastModified": 1786643324,
        "narHash": "sha256-ighXL0KhBd1k/ia8+5xvvrsOuMI6VcfvSeaUaCuyPos=",
        "owner": "openclaw",
        "repo": "nix-openclaw",
        "rev": "4a27671497057be5bf91cc38cdaebb3280b77220",
        "type": "github"
      },
      "original": {
        "owner": "openclaw",
        "repo": "nix-openclaw",
        "type": "github"
      }
    },
    "nix-openclaw-tools": {
      "inputs": {
        "nixpkgs": "nixpkgs"
      },
      "locked": {
        "lastModified": 1778060041,
        "narHash": "sha256-tXWkN1VnwFG8XlRqW/e7VwbKnUfyU9tB7YDm9QHJXTY=",
        "owner": "openclaw",
        "repo": "nix-openclaw-tools",
        "rev": "4c1cee3c7eaf68f9de0f756be1484534f5bb5f34",
        "type": "github"
      },
      "original": {
        "owner": "openclaw",
        "repo": "nix-openclaw-tools",
        "type": "github"
      }
    },
    "nixos-wsl": {
      "inputs": {
        "flake-compat": "flake-compat",
        "nixpkgs": [
          "nixpkgs"
        ]
      },
      "locked": {
        "lastModified": 1764591187,
        "narHash": "sha256-6jlr4nS8ULz8+qc4ReiYSMJWpQh0Vet+4IsqeX/zsrE=",
        "owner": "nix-community",
        "repo": "nixos-wsl",
        "rev": "9b4aa22b7f36d6c896f5bd027f8160e43bfb1ec3",
        "type": "github"
      },
      "original": {
        "owner": "nix-community",
        "ref": "2511.7.1",
        "repo": "nixos-wsl",
        "type": "github"
      }
    },
    "nixpkgs": {
      "locked": {
        "lastModified": 1767364772,
        "narHash": "sha256-fFUnEYMla8b7UKjijLnMe+oVFOz6HjijGGNS1l7dYaQ=",
        "owner": "NixOS",
        "repo": "nixpkgs",
        "rev": "16c7794d0a28b5a37904d55bcca36003b9109aaa",
        "type": "github"
      },
      "original": {
        "owner": "NixOS",
        "ref": "nixpkgs-unstable",
        "repo": "nixpkgs",
        "type": "github"
      }
    },
    "nixpkgs_2": {
      "locked": {
        "lastModified": 1787101114,
        "narHash": "sha256-gwrPcFf/rDjHPaVflbDZ040ZDmBTRj/7+s8ZmE2SaIM=",
        "owner": "NixOS",
        "repo": "nixpkgs",
        "rev": "b18a4b905f8d028dc4476412e6d6891728695379",
        "type": "github"
      },
      "original": {
        "owner": "NixOS",
        "ref": "nixos-26.05",
        "repo": "nixpkgs",
        "type": "github"
      }
    },
    "pyproject-nix": {
      "inputs": {
        "nixpkgs": [
          "sphinxcontrib-nixdomain",
          "nixpkgs"
        ]
      },
      "locked": {
        "lastModified": 1784591072,
        "narHash": "sha256-zP/WaDxrRu8GANZM61+V2LT/7ycEEdoyLWn7M6WzU7M=",
        "owner": "nix-community",
        "repo": "pyproject.nix",
        "rev": "e3b599ca2e7fcf93d4edf65d7f19bbf6491724f3",
        "type": "github"
      },
      "original": {
        "owner": "nix-community",
        "repo": "pyproject.nix",
        "type": "github"
      }
    },
    "qmd": {
      "inputs": {
        "flake-utils": [
          "nix-openclaw",
          "flake-utils"
        ],
        "nixpkgs": [
          "nix-openclaw",
          "nixpkgs"
        ]
      },
      "locked": {
        "lastModified": 1775429264,
        "narHash": "sha256-bqIVaNRTa8H5vrw3RwsD7QdtTa0xNvRuEVzlzE1hIBQ=",
        "owner": "tobi",
        "repo": "qmd",
        "rev": "65cd1b3fd02891d1ee0eefa751620918664fa321",
        "type": "github"
      },
      "original": {
        "owner": "tobi",
        "ref": "v2.1.0",
        "repo": "qmd",
        "type": "github"
      }
    },
    "root": {
      "inputs": {
        "disko": "disko",
        "home-manager": "home-manager",
        "nix-openclaw": "nix-openclaw",
        "nixos-wsl": "nixos-wsl",
        "nixpkgs": "nixpkgs_2",
        "sphinxcontrib-nixdomain": "sphinxcontrib-nixdomain"
      }
    },
    "sphinxcontrib-nixdomain": {
      "inputs": {
        "flake-compat": "flake-compat_2",
        "nixpkgs": [
          "nixpkgs"
        ],
        "pyproject-nix": "pyproject-nix"
      },
      "locked": {
        "lastModified": 1786361969,
        "narHash": "sha256-ixuUYkMozlIuJZ5yYlIPRq9LBkUK1h2zlcNe73Ieuow=",
        "owner": "minijackson",
        "repo": "sphinxcontrib-nixdomain",
        "rev": "213af84c42beed131fd246fe106e4dad391135ef",
        "type": "github"
      },
      "original": {
        "owner": "minijackson",
        "repo": "sphinxcontrib-nixdomain",
        "type": "github"
      }
    },
    "systems": {
      "locked": {
        "lastModified": 1681028828,
        "narHash": "sha256-Vy1rq5AaRuLzOxct8nz4T6wlgyUR7zLU309k9mBC768=",
        "owner": "nix-systems",
        "repo": "default",
        "rev": "da67096a3b9bf56a91d16901293e51ba5b49a27e",
        "type": "github"
      },
      "original": {
        "owner": "nix-systems",
        "repo": "default",
        "type": "github"
      }
    }
  },
  "root": "root",
  "version": 7
}
